
Microsoft Visual Studio Solution File, Format Version 12.00
# Visual Studio 2012
Project("{FAE04EC0-301F-11D3-BF4B-00C04F79EFBC}") = "libWyvernzora", "libWyvernzora\libWyvernzora.csproj", "{E93ACB8B-BE0C-4FCC-9DE1-A35965C58150}"
EndProject
Project("{FAE04EC0-301F-11D3-BF4B-00C04F79EFBC}") = "libWyvernzora.Test", "libWyvernzora.Test\libWyvernzora.Test.csproj", "{3DD00F00-7746-4A5E-817E-FA8F1274F4B3}"
EndProject
Project("{FAE04EC0-301F-11D3-BF4B-00C04F79EFBC}") = "libWyvernzora.Sandbox", "libWyvernzora.Sandbox\libWyvernzora.Sandbox.csproj", "{E09B6BFB-E01E-4054-BC17-29544E87C25D}"
EndProject
Global
	GlobalSection(SolutionConfigurationPlatforms) = preSolution
		Debug|Any CPU = Debug|Any CPU
		Release|Any CPU = Release|Any CPU
	EndGlobalSection
	GlobalSection(ProjectConfigurationPlatforms) = postSolution
		{E93ACB8B-BE0C-4FCC-9DE1-A35965C58150}.Debug|Any CPU.ActiveCfg = Debug|Any CPU
		{E93ACB8B-BE0C-4FCC-9DE1-A35965C58150}.Debug|Any CPU.Build.0 = Debug|Any CPU
		{E93ACB8B-BE0C-4FCC-9DE1-A35965C58150}.Release|Any CPU.ActiveCfg = Release|Any CPU
		{E93ACB8B-BE0C-4FCC-9DE1-A35965C58150}.Release|Any CPU.Build.0 = Release|Any CPU
		{3DD00F00-7746-4A5E-817E-FA8F1274F4B3}.Debug|Any CPU.ActiveCfg = Debug|Any CPU
		{3DD00F00-7746-4A5E-817E-FA8F1274F4B3}.Debug|Any CPU.Build.0 = Debug|Any CPU
		{3DD00F00-7746-4A5E-817E-FA8F1274F4B3}.Release|Any CPU.ActiveCfg = Release|Any CPU
		{3DD00F00-7746-4A5E-817E-FA8F1274F4B3}.Release|Any CPU.Build.0 = Release|Any CPU
		{E09B6BFB-E01E-4054-BC17-29544E87C25D}.Debug|Any CPU.ActiveCfg = Debug|Any CPU
		{E09B6BFB-E01E-4054-BC17-29544E87C25D}.Debug|Any CPU.Build.0 = Debug|Any CPU
		{E09B6BFB-E01E-4054-BC17-29544E87C25D}.Release|Any CPU.ActiveCfg = Release|Any CPU
		{E09B6BFB-E01E-4054-BC17-29544E87C25D}.Release|Any CPU.Build.0 = Release|Any CPU
	EndGlobalSection
	GlobalSection(SolutionProperties) = preSolution
		HideSolutionNode = FALSE
	EndGlobalSection
EndGlobal
