
Microsoft Visual Studio Solution File, Format Version 12.00
# Visual Studio 2012
Project("{FAE04EC0-301F-11D3-BF4B-00C04F79EFBC}") = "libWyvernzora", "libWyvernzora\libWyvernzora.csproj", "{E93ACB8B-BE0C-4FCC-9DE1-A35965C58150}"
EndProject
Project("{FAE04EC0-301F-11D3-BF4B-00C04F79EFBC}") = "libWyvernzora_SandboxA", "libWyvernzora_SandboxA\libWyvernzora_SandboxA.csproj", "{ED30AD05-AAAA-4F13-B494-DFEF6C795C64}"
EndProject
Project("{FAE04EC0-301F-11D3-BF4B-00C04F79EFBC}") = "libWyvernzora_SandboxB", "libWyvernzora_SandboxB\libWyvernzora_SandboxB.csproj", "{3B46FE35-38F4-4C3C-83CA-5D520E979602}"
EndProject
Global
	GlobalSection(SolutionConfigurationPlatforms) = preSolution
		Debug|Any CPU = Debug|Any CPU
		Release|Any CPU = Release|Any CPU
	EndGlobalSection
	GlobalSection(ProjectConfigurationPlatforms) = postSolution
		{E93ACB8B-BE0C-4FCC-9DE1-A35965C58150}.Debug|Any CPU.ActiveCfg = Debug|Any CPU
		{E93ACB8B-BE0C-4FCC-9DE1-A35965C58150}.Debug|Any CPU.Build.0 = Debug|Any CPU
		{E93ACB8B-BE0C-4FCC-9DE1-A35965C58150}.Release|Any CPU.ActiveCfg = Release|Any CPU
		{E93ACB8B-BE0C-4FCC-9DE1-A35965C58150}.Release|Any CPU.Build.0 = Release|Any CPU
		{ED30AD05-AAAA-4F13-B494-DFEF6C795C64}.Debug|Any CPU.ActiveCfg = Debug|Any CPU
		{ED30AD05-AAAA-4F13-B494-DFEF6C795C64}.Debug|Any CPU.Build.0 = Debug|Any CPU
		{ED30AD05-AAAA-4F13-B494-DFEF6C795C64}.Release|Any CPU.ActiveCfg = Release|Any CPU
		{ED30AD05-AAAA-4F13-B494-DFEF6C795C64}.Release|Any CPU.Build.0 = Release|Any CPU
		{3B46FE35-38F4-4C3C-83CA-5D520E979602}.Debug|Any CPU.ActiveCfg = Debug|Any CPU
		{3B46FE35-38F4-4C3C-83CA-5D520E979602}.Debug|Any CPU.Build.0 = Debug|Any CPU
		{3B46FE35-38F4-4C3C-83CA-5D520E979602}.Release|Any CPU.ActiveCfg = Release|Any CPU
		{3B46FE35-38F4-4C3C-83CA-5D520E979602}.Release|Any CPU.Build.0 = Release|Any CPU
	EndGlobalSection
	GlobalSection(SolutionProperties) = preSolution
		HideSolutionNode = FALSE
	EndGlobalSection
EndGlobal
